// !$*UTF8*$!
{
	archiveVersion = 1;
	classes = {
	};
	objectVersion = 56;
	objects = {

/* Begin PBXBuildFile section */
		E56794442904EF81006A1A77 /* AppDelegate.swift in Sources */ = {isa = PBXBuildFile; fileRef = E56794432904EF81006A1A77 /* AppDelegate.swift */; };
		E56794462904EF81006A1A77 /* SceneDelegate.swift in Sources */ = {isa = PBXBuildFile; fileRef = E56794452904EF81006A1A77 /* SceneDelegate.swift */; };
		E567944B2904EF81006A1A77 /* Main.storyboard in Resources */ = {isa = PBXBuildFile; fileRef = E56794492904EF81006A1A77 /* Main.storyboard */; };
		E567944D2904EF84006A1A77 /* Assets.xcassets in Resources */ = {isa = PBXBuildFile; fileRef = E567944C2904EF84006A1A77 /* Assets.xcassets */; };
		E56794502904EF84006A1A77 /* LaunchScreen.storyboard in Resources */ = {isa = PBXBuildFile; fileRef = E567944E2904EF84006A1A77 /* LaunchScreen.storyboard */; };
		E567945F2904F24D006A1A77 /* Alamofire in Frameworks */ = {isa = PBXBuildFile; productRef = E567945E2904F24D006A1A77 /* Alamofire */; };
		E56794622904F2D6006A1A77 /* SDWebImage in Frameworks */ = {isa = PBXBuildFile; productRef = E56794612904F2D6006A1A77 /* SDWebImage */; };
		E56794642904F777006A1A77 /* PlanetVC.swift in Sources */ = {isa = PBXBuildFile; fileRef = E56794632904F777006A1A77 /* PlanetVC.swift */; };
		E56794662904F9CB006A1A77 /* MainNavController.swift in Sources */ = {isa = PBXBuildFile; fileRef = E56794652904F9CA006A1A77 /* MainNavController.swift */; };
		E56794692904FB1A006A1A77 /* UIViewExtensions.swift in Sources */ = {isa = PBXBuildFile; fileRef = E56794682904FB1A006A1A77 /* UIViewExtensions.swift */; };
		E567946F2904FED1006A1A77 /* BaseService.swift in Sources */ = {isa = PBXBuildFile; fileRef = E567946E2904FED1006A1A77 /* BaseService.swift */; };
		E56794712904FEEA006A1A77 /* APIErrors.swift in Sources */ = {isa = PBXBuildFile; fileRef = E56794702904FEEA006A1A77 /* APIErrors.swift */; };
		E56794732904FF7B006A1A77 /* Planet.swift in Sources */ = {isa = PBXBuildFile; fileRef = E56794722904FF7B006A1A77 /* Planet.swift */; };
		E5679475290500EB006A1A77 /* PlanetAPI.swift in Sources */ = {isa = PBXBuildFile; fileRef = E5679474290500EB006A1A77 /* PlanetAPI.swift */; };
		E5679477290508F6006A1A77 /* PlanetViewModel.swift in Sources */ = {isa = PBXBuildFile; fileRef = E5679476290508F6006A1A77 /* PlanetViewModel.swift */; };
		E567947929050EAB006A1A77 /* Helper.swift in Sources */ = {isa = PBXBuildFile; fileRef = E567947829050EAB006A1A77 /* Helper.swift */; };
		E567947B29050F9F006A1A77 /* Constant.swift in Sources */ = {isa = PBXBuildFile; fileRef = E567947A29050F9F006A1A77 /* Constant.swift */; };
		E567947F290511E3006A1A77 /* PlanetTVC.swift in Sources */ = {isa = PBXBuildFile; fileRef = E567947D290511E3006A1A77 /* PlanetTVC.swift */; };
		E5679480290511E3006A1A77 /* PlanetTVC.xib in Resources */ = {isa = PBXBuildFile; fileRef = E567947E290511E3006A1A77 /* PlanetTVC.xib */; };
		E56794832905165D006A1A77 /* PlanetVCTableConfig.swift in Sources */ = {isa = PBXBuildFile; fileRef = E56794822905165D006A1A77 /* PlanetVCTableConfig.swift */; };
/* End PBXBuildFile section */

/* Begin PBXFileReference section */
		E56794402904EF81006A1A77 /* Star-Wars-Planets.app */ = {isa = PBXFileReference; explicitFileType = wrapper.application; includeInIndex = 0; path = "Star-Wars-Planets.app"; sourceTree = BUILT_PRODUCTS_DIR; };
		E56794432904EF81006A1A77 /* AppDelegate.swift */ = {isa = PBXFileReference; lastKnownFileType = sourcecode.swift; path = AppDelegate.swift; sourceTree = "<group>"; };
		E56794452904EF81006A1A77 /* SceneDelegate.swift */ = {isa = PBXFileReference; lastKnownFileType = sourcecode.swift; path = SceneDelegate.swift; sourceTree = "<group>"; };
		E567944A2904EF81006A1A77 /* Base */ = {isa = PBXFileReference; lastKnownFileType = file.storyboard; name = Base; path = Base.lproj/Main.storyboard; sourceTree = "<group>"; };
		E567944C2904EF84006A1A77 /* Assets.xcassets */ = {isa = PBXFileReference; lastKnownFileType = folder.assetcatalog; path = Assets.xcassets; sourceTree = "<group>"; };
		E567944F2904EF84006A1A77 /* Base */ = {isa = PBXFileReference; lastKnownFileType = file.storyboard; name = Base; path = Base.lproj/LaunchScreen.storyboard; sourceTree = "<group>"; };
		E56794512904EF84006A1A77 /* Info.plist */ = {isa = PBXFileReference; lastKnownFileType = text.plist.xml; path = Info.plist; sourceTree = "<group>"; };
		E56794632904F777006A1A77 /* PlanetVC.swift */ = {isa = PBXFileReference; lastKnownFileType = sourcecode.swift; path = PlanetVC.swift; sourceTree = "<group>"; };
		E56794652904F9CA006A1A77 /* MainNavController.swift */ = {isa = PBXFileReference; lastKnownFileType = sourcecode.swift; path = MainNavController.swift; sourceTree = "<group>"; };
		E56794682904FB1A006A1A77 /* UIViewExtensions.swift */ = {isa = PBXFileReference; lastKnownFileType = sourcecode.swift; path = UIViewExtensions.swift; sourceTree = "<group>"; };
		E567946E2904FED1006A1A77 /* BaseService.swift */ = {isa = PBXFileReference; lastKnownFileType = sourcecode.swift; path = BaseService.swift; sourceTree = "<group>"; };
		E56794702904FEEA006A1A77 /* APIErrors.swift */ = {isa = PBXFileReference; lastKnownFileType = sourcecode.swift; path = APIErrors.swift; sourceTree = "<group>"; };
		E56794722904FF7B006A1A77 /* Planet.swift */ = {isa = PBXFileReference; lastKnownFileType = sourcecode.swift; path = Planet.swift; sourceTree = "<group>"; };
		E5679474290500EB006A1A77 /* PlanetAPI.swift */ = {isa = PBXFileReference; lastKnownFileType = sourcecode.swift; path = PlanetAPI.swift; sourceTree = "<group>"; };
		E5679476290508F6006A1A77 /* PlanetViewModel.swift */ = {isa = PBXFileReference; lastKnownFileType = sourcecode.swift; path = PlanetViewModel.swift; sourceTree = "<group>"; };
		E567947829050EAB006A1A77 /* Helper.swift */ = {isa = PBXFileReference; lastKnownFileType = sourcecode.swift; path = Helper.swift; sourceTree = "<group>"; };
		E567947A29050F9F006A1A77 /* Constant.swift */ = {isa = PBXFileReference; lastKnownFileType = sourcecode.swift; path = Constant.swift; sourceTree = "<group>"; };
		E567947D290511E3006A1A77 /* PlanetTVC.swift */ = {isa = PBXFileReference; lastKnownFileType = sourcecode.swift; path = PlanetTVC.swift; sourceTree = "<group>"; };
		E567947E290511E3006A1A77 /* PlanetTVC.xib */ = {isa = PBXFileReference; lastKnownFileType = file.xib; path = PlanetTVC.xib; sourceTree = "<group>"; };
		E56794822905165D006A1A77 /* PlanetVCTableConfig.swift */ = {isa = PBXFileReference; lastKnownFileType = sourcecode.swift; path = PlanetVCTableConfig.swift; sourceTree = "<group>"; };
/* End PBXFileReference section */

/* Begin PBXFrameworksBuildPhase section */
		E567943D2904EF81006A1A77 /* Frameworks */ = {
			isa = PBXFrameworksBuildPhase;
			buildActionMask = 2147483647;
			files = (
				E56794622904F2D6006A1A77 /* SDWebImage in Frameworks */,
				E567945F2904F24D006A1A77 /* Alamofire in Frameworks */,
			);
			runOnlyForDeploymentPostprocessing = 0;
		};
/* End PBXFrameworksBuildPhase section */

/* Begin PBXGroup section */
		E56794372904EF81006A1A77 = {
			isa = PBXGroup;
			children = (
				E56794422904EF81006A1A77 /* Star-Wars-Planets */,
				E56794412904EF81006A1A77 /* Products */,
			);
			sourceTree = "<group>";
		};
		E56794412904EF81006A1A77 /* Products */ = {
			isa = PBXGroup;
			children = (
				E56794402904EF81006A1A77 /* Star-Wars-Planets.app */,
			);
			name = Products;
			sourceTree = "<group>";
		};
		E56794422904EF81006A1A77 /* Star-Wars-Planets */ = {
			isa = PBXGroup;
			children = (
				E567946C2904FE6F006A1A77 /* APIServices */,
				E56794672904FAE7006A1A77 /* Extensions */,
				E567945C2904F16B006A1A77 /* View */,
				E567945B2904F15D006A1A77 /* ViewModel */,
				E567945A2904F154006A1A77 /* Model */,
				E56794592904F124006A1A77 /* Resources */,
				E56794582904F0FE006A1A77 /* Application */,
				E56794572904F0E5006A1A77 /* Storyboards */,
			);
			path = "Star-Wars-Planets";
			sourceTree = "<group>";
		};
		E56794572904F0E5006A1A77 /* Storyboards */ = {
			isa = PBXGroup;
			children = (
				E567947C29051193006A1A77 /* XIB */,
				E567944E2904EF84006A1A77 /* LaunchScreen.storyboard */,
				E56794492904EF81006A1A77 /* Main.storyboard */,
			);
			path = Storyboards;
			sourceTree = "<group>";
		};
		E56794582904F0FE006A1A77 /* Application */ = {
			isa = PBXGroup;
			children = (
				E56794432904EF81006A1A77 /* AppDelegate.swift */,
				E56794452904EF81006A1A77 /* SceneDelegate.swift */,
			);
			path = Application;
			sourceTree = "<group>";
		};
		E56794592904F124006A1A77 /* Resources */ = {
			isa = PBXGroup;
			children = (
				E567944C2904EF84006A1A77 /* Assets.xcassets */,
				E56794512904EF84006A1A77 /* Info.plist */,
				E567947A29050F9F006A1A77 /* Constant.swift */,
			);
			path = Resources;
			sourceTree = "<group>";
		};
		E567945A2904F154006A1A77 /* Model */ = {
			isa = PBXGroup;
			children = (
				E56794722904FF7B006A1A77 /* Planet.swift */,
			);
			path = Model;
			sourceTree = "<group>";
		};
		E567945B2904F15D006A1A77 /* ViewModel */ = {
			isa = PBXGroup;
			children = (
				E5679476290508F6006A1A77 /* PlanetViewModel.swift */,
			);
			path = ViewModel;
			sourceTree = "<group>";
		};
		E567945C2904F16B006A1A77 /* View */ = {
			isa = PBXGroup;
			children = (
				E56794632904F777006A1A77 /* PlanetVC.swift */,
				E56794652904F9CA006A1A77 /* MainNavController.swift */,
			);
			path = View;
			sourceTree = "<group>";
		};
		E56794672904FAE7006A1A77 /* Extensions */ = {
			isa = PBXGroup;
			children = (
				E5679481290515E4006A1A77 /* PlanetVC */,
				E56794682904FB1A006A1A77 /* UIViewExtensions.swift */,
				E567947829050EAB006A1A77 /* Helper.swift */,
			);
			path = Extensions;
			sourceTree = "<group>";
		};
		E567946C2904FE6F006A1A77 /* APIServices */ = {
			isa = PBXGroup;
			children = (
				E567946D2904FEBD006A1A77 /* ServicesHandler */,
				E5679474290500EB006A1A77 /* PlanetAPI.swift */,
			);
			path = APIServices;
			sourceTree = "<group>";
		};
		E567946D2904FEBD006A1A77 /* ServicesHandler */ = {
			isa = PBXGroup;
			children = (
				E567946E2904FED1006A1A77 /* BaseService.swift */,
				E56794702904FEEA006A1A77 /* APIErrors.swift */,
			);
			path = ServicesHandler;
			sourceTree = "<group>";
		};
		E567947C29051193006A1A77 /* XIB */ = {
			isa = PBXGroup;
			children = (
				E567947D290511E3006A1A77 /* PlanetTVC.swift */,
				E567947E290511E3006A1A77 /* PlanetTVC.xib */,
			);
			path = XIB;
			sourceTree = "<group>";
		};
		E5679481290515E4006A1A77 /* PlanetVC */ = {
			isa = PBXGroup;
			children = (
				E56794822905165D006A1A77 /* PlanetVCTableConfig.swift */,
			);
			path = PlanetVC;
			sourceTree = "<group>";
		};
/* End PBXGroup section */

/* Begin PBXNativeTarget section */
		E567943F2904EF81006A1A77 /* Star-Wars-Planets */ = {
			isa = PBXNativeTarget;
			buildConfigurationList = E56794542904EF84006A1A77 /* Build configuration list for PBXNativeTarget "Star-Wars-Planets" */;
			buildPhases = (
				E567943C2904EF81006A1A77 /* Sources */,
				E567943D2904EF81006A1A77 /* Frameworks */,
				E567943E2904EF81006A1A77 /* Resources */,
			);
			buildRules = (
			);
			dependencies = (
			);
			name = "Star-Wars-Planets";
			packageProductDependencies = (
				E567945E2904F24D006A1A77 /* Alamofire */,
				E56794612904F2D6006A1A77 /* SDWebImage */,
			);
			productName = "Star-Wars-Planets";
			productReference = E56794402904EF81006A1A77 /* Star-Wars-Planets.app */;
			productType = "com.apple.product-type.application";
		};
/* End PBXNativeTarget section */

/* Begin PBXProject section */
		E56794382904EF81006A1A77 /* Project object */ = {
			isa = PBXProject;
			attributes = {
				BuildIndependentTargetsInParallel = 1;
				LastSwiftUpdateCheck = 1400;
				LastUpgradeCheck = 1400;
				TargetAttributes = {
					E567943F2904EF81006A1A77 = {
						CreatedOnToolsVersion = 14.0.1;
					};
				};
			};
			buildConfigurationList = E567943B2904EF81006A1A77 /* Build configuration list for PBXProject "Star-Wars-Planets" */;
			compatibilityVersion = "Xcode 14.0";
			developmentRegion = en;
			hasScannedForEncodings = 0;
			knownRegions = (
				en,
				Base,
			);
			mainGroup = E56794372904EF81006A1A77;
			packageReferences = (
				E567945D2904F24D006A1A77 /* XCRemoteSwiftPackageReference "Alamofire" */,
				E56794602904F2D6006A1A77 /* XCRemoteSwiftPackageReference "SDWebImage" */,
			);
			productRefGroup = E56794412904EF81006A1A77 /* Products */;
			projectDirPath = "";
			projectRoot = "";
			targets = (
				E567943F2904EF81006A1A77 /* Star-Wars-Planets */,
			);
		};
/* End PBXProject section */

/* Begin PBXResourcesBuildPhase section */
		E567943E2904EF81006A1A77 /* Resources */ = {
			isa = PBXResourcesBuildPhase;
			buildActionMask = 2147483647;
			files = (
				E56794502904EF84006A1A77 /* LaunchScreen.storyboard in Resources */,
				E567944D2904EF84006A1A77 /* Assets.xcassets in Resources */,
				E567944B2904EF81006A1A77 /* Main.storyboard in Resources */,
				E5679480290511E3006A1A77 /* PlanetTVC.xib in Resources */,
			);
			runOnlyForDeploymentPostprocessing = 0;
		};
/* End PBXResourcesBuildPhase section */

/* Begin PBXSourcesBuildPhase section */
		E567943C2904EF81006A1A77 /* Sources */ = {
			isa = PBXSourcesBuildPhase;
			buildActionMask = 2147483647;
			files = (
				E567947929050EAB006A1A77 /* Helper.swift in Sources */,
				E56794832905165D006A1A77 /* PlanetVCTableConfig.swift in Sources */,
				E56794662904F9CB006A1A77 /* MainNavController.swift in Sources */,
				E56794712904FEEA006A1A77 /* APIErrors.swift in Sources */,
				E56794692904FB1A006A1A77 /* UIViewExtensions.swift in Sources */,
				E5679475290500EB006A1A77 /* PlanetAPI.swift in Sources */,
				E56794732904FF7B006A1A77 /* Planet.swift in Sources */,
				E567946F2904FED1006A1A77 /* BaseService.swift in Sources */,
				E5679477290508F6006A1A77 /* PlanetViewModel.swift in Sources */,
				E56794442904EF81006A1A77 /* AppDelegate.swift in Sources */,
				E56794642904F777006A1A77 /* PlanetVC.swift in Sources */,
				E56794462904EF81006A1A77 /* SceneDelegate.swift in Sources */,
				E567947F290511E3006A1A77 /* PlanetTVC.swift in Sources */,
				E567947B29050F9F006A1A77 /* Constant.swift in Sources */,
			);
			runOnlyForDeploymentPostprocessing = 0;
		};
/* End PBXSourcesBuildPhase section */

/* Begin PBXVariantGroup section */
		E56794492904EF81006A1A77 /* Main.storyboard */ = {
			isa = PBXVariantGroup;
			children = (
				E567944A2904EF81006A1A77 /* Base */,
			);
			name = Main.storyboard;
			sourceTree = "<group>";
		};
		E567944E2904EF84006A1A77 /* LaunchScreen.storyboard */ = {
			isa = PBXVariantGroup;
			children = (
				E567944F2904EF84006A1A77 /* Base */,
			);
			name = LaunchScreen.storyboard;
			sourceTree = "<group>";
		};
/* End PBXVariantGroup section */

/* Begin XCBuildConfiguration section */
		E56794522904EF84006A1A77 /* Debug */ = {
			isa = XCBuildConfiguration;
			buildSettings = {
				ALWAYS_SEARCH_USER_PATHS = NO;
				CLANG_ANALYZER_NONNULL = YES;
				CLANG_ANALYZER_NUMBER_OBJECT_CONVERSION = YES_AGGRESSIVE;
				CLANG_CXX_LANGUAGE_STANDARD = "gnu++20";
				CLANG_ENABLE_MODULES = YES;
				CLANG_ENABLE_OBJC_ARC = YES;
				CLANG_ENABLE_OBJC_WEAK = YES;
				CLANG_WARN_BLOCK_CAPTURE_AUTORELEASING = YES;
				CLANG_WARN_BOOL_CONVERSION = YES;
				CLANG_WARN_COMMA = YES;
				CLANG_WARN_CONSTANT_CONVERSION = YES;
				CLANG_WARN_DEPRECATED_OBJC_IMPLEMENTATIONS = YES;
				CLANG_WARN_DIRECT_OBJC_ISA_USAGE = YES_ERROR;
				CLANG_WARN_DOCUMENTATION_COMMENTS = YES;
				CLANG_WARN_EMPTY_BODY = YES;
				CLANG_WARN_ENUM_CONVERSION = YES;
				CLANG_WARN_INFINITE_RECURSION = YES;
				CLANG_WARN_INT_CONVERSION = YES;
				CLANG_WARN_NON_LITERAL_NULL_CONVERSION = YES;
				CLANG_WARN_OBJC_IMPLICIT_RETAIN_SELF = YES;
				CLANG_WARN_OBJC_LITERAL_CONVERSION = YES;
				CLANG_WARN_OBJC_ROOT_CLASS = YES_ERROR;
				CLANG_WARN_QUOTED_INCLUDE_IN_FRAMEWORK_HEADER = YES;
				CLANG_WARN_RANGE_LOOP_ANALYSIS = YES;
				CLANG_WARN_STRICT_PROTOTYPES = YES;
				CLANG_WARN_SUSPICIOUS_MOVE = YES;
				CLANG_WARN_UNGUARDED_AVAILABILITY = YES_AGGRESSIVE;
				CLANG_WARN_UNREACHABLE_CODE = YES;
				CLANG_WARN__DUPLICATE_METHOD_MATCH = YES;
				COPY_PHASE_STRIP = NO;
				DEBUG_INFORMATION_FORMAT = dwarf;
				ENABLE_STRICT_OBJC_MSGSEND = YES;
				ENABLE_TESTABILITY = YES;
				GCC_C_LANGUAGE_STANDARD = gnu11;
				GCC_DYNAMIC_NO_PIC = NO;
				GCC_NO_COMMON_BLOCKS = YES;
				GCC_OPTIMIZATION_LEVEL = 0;
				GCC_PREPROCESSOR_DEFINITIONS = (
					"DEBUG=1",
					"$(inherited)",
				);
				GCC_WARN_64_TO_32_BIT_CONVERSION = YES;
				GCC_WARN_ABOUT_RETURN_TYPE = YES_ERROR;
				GCC_WARN_UNDECLARED_SELECTOR = YES;
				GCC_WARN_UNINITIALIZED_AUTOS = YES_AGGRESSIVE;
				GCC_WARN_UNUSED_FUNCTION = YES;
				GCC_WARN_UNUSED_VARIABLE = YES;
				IPHONEOS_DEPLOYMENT_TARGET = 16.0;
				MTL_ENABLE_DEBUG_INFO = INCLUDE_SOURCE;
				MTL_FAST_MATH = YES;
				ONLY_ACTIVE_ARCH = YES;
				SDKROOT = iphoneos;
				SWIFT_ACTIVE_COMPILATION_CONDITIONS = DEBUG;
				SWIFT_OPTIMIZATION_LEVEL = "-Onone";
			};
			name = Debug;
		};
		E56794532904EF84006A1A77 /* Release */ = {
			isa = XCBuildConfiguration;
			buildSettings = {
				ALWAYS_SEARCH_USER_PATHS = NO;
				CLANG_ANALYZER_NONNULL = YES;
				CLANG_ANALYZER_NUMBER_OBJECT_CONVERSION = YES_AGGRESSIVE;
				CLANG_CXX_LANGUAGE_STANDARD = "gnu++20";
				CLANG_ENABLE_MODULES = YES;
				CLANG_ENABLE_OBJC_ARC = YES;
				CLANG_ENABLE_OBJC_WEAK = YES;
				CLANG_WARN_BLOCK_CAPTURE_AUTORELEASING = YES;
				CLANG_WARN_BOOL_CONVERSION = YES;
				CLANG_WARN_COMMA = YES;
				CLANG_WARN_CONSTANT_CONVERSION = YES;
				CLANG_WARN_DEPRECATED_OBJC_IMPLEMENTATIONS = YES;
				CLANG_WARN_DIRECT_OBJC_ISA_USAGE = YES_ERROR;
				CLANG_WARN_DOCUMENTATION_COMMENTS = YES;
				CLANG_WARN_EMPTY_BODY = YES;
				CLANG_WARN_ENUM_CONVERSION = YES;
				CLANG_WARN_INFINITE_RECURSION = YES;
				CLANG_WARN_INT_CONVERSION = YES;
				CLANG_WARN_NON_LITERAL_NULL_CONVERSION = YES;
				CLANG_WARN_OBJC_IMPLICIT_RETAIN_SELF = YES;
				CLANG_WARN_OBJC_LITERAL_CONVERSION = YES;
				CLANG_WARN_OBJC_ROOT_CLASS = YES_ERROR;
				CLANG_WARN_QUOTED_INCLUDE_IN_FRAMEWORK_HEADER = YES;
				CLANG_WARN_RANGE_LOOP_ANALYSIS = YES;
				CLANG_WARN_STRICT_PROTOTYPES = YES;
				CLANG_WARN_SUSPICIOUS_MOVE = YES;
				CLANG_WARN_UNGUARDED_AVAILABILITY = YES_AGGRESSIVE;
				CLANG_WARN_UNREACHABLE_CODE = YES;
				CLANG_WARN__DUPLICATE_METHOD_MATCH = YES;
				COPY_PHASE_STRIP = NO;
				DEBUG_INFORMATION_FORMAT = "dwarf-with-dsym";
				ENABLE_NS_ASSERTIONS = NO;
				ENABLE_STRICT_OBJC_MSGSEND = YES;
				GCC_C_LANGUAGE_STANDARD = gnu11;
				GCC_NO_COMMON_BLOCKS = YES;
				GCC_WARN_64_TO_32_BIT_CONVERSION = YES;
				GCC_WARN_ABOUT_RETURN_TYPE = YES_ERROR;
				GCC_WARN_UNDECLARED_SELECTOR = YES;
				GCC_WARN_UNINITIALIZED_AUTOS = YES_AGGRESSIVE;
				GCC_WARN_UNUSED_FUNCTION = YES;
				GCC_WARN_UNUSED_VARIABLE = YES;
				IPHONEOS_DEPLOYMENT_TARGET = 16.0;
				MTL_ENABLE_DEBUG_INFO = NO;
				MTL_FAST_MATH = YES;
				SDKROOT = iphoneos;
				SWIFT_COMPILATION_MODE = wholemodule;
				SWIFT_OPTIMIZATION_LEVEL = "-O";
				VALIDATE_PRODUCT = YES;
			};
			name = Release;
		};
		E56794552904EF84006A1A77 /* Debug */ = {
			isa = XCBuildConfiguration;
			buildSettings = {
				ASSETCATALOG_COMPILER_APPICON_NAME = AppIcon;
				ASSETCATALOG_COMPILER_GLOBAL_ACCENT_COLOR_NAME = AccentColor;
				CODE_SIGN_STYLE = Automatic;
				CURRENT_PROJECT_VERSION = 1;
				GENERATE_INFOPLIST_FILE = YES;
				INFOPLIST_FILE = "Star-Wars-Planets/Resources/Info.plist";
				INFOPLIST_KEY_UIApplicationSupportsIndirectInputEvents = YES;
				INFOPLIST_KEY_UILaunchStoryboardName = LaunchScreen;
				INFOPLIST_KEY_UIMainStoryboardFile = Main;
				INFOPLIST_KEY_UISupportedInterfaceOrientations = UIInterfaceOrientationPortrait;
				INFOPLIST_KEY_UISupportedInterfaceOrientations_iPad = "UIInterfaceOrientationPortrait UIInterfaceOrientationPortraitUpsideDown";
				IPHONEOS_DEPLOYMENT_TARGET = 13.0;
				LD_RUNPATH_SEARCH_PATHS = (
					"$(inherited)",
					"@executable_path/Frameworks",
				);
				MARKETING_VERSION = 1.0;
				PRODUCT_BUNDLE_IDENTIFIER = "com.salitha.Star-Wars-Planets";
				PRODUCT_NAME = "$(TARGET_NAME)";
				SWIFT_EMIT_LOC_STRINGS = YES;
				SWIFT_VERSION = 5.0;
				TARGETED_DEVICE_FAMILY = "1,2";
			};
			name = Debug;
		};
		E56794562904EF84006A1A77 /* Release */ = {
			isa = XCBuildConfiguration;
			buildSettings = {
				ASSETCATALOG_COMPILER_APPICON_NAME = AppIcon;
				ASSETCATALOG_COMPILER_GLOBAL_ACCENT_COLOR_NAME = AccentColor;
				CODE_SIGN_STYLE = Automatic;
				CURRENT_PROJECT_VERSION = 1;
				GENERATE_INFOPLIST_FILE = YES;
				INFOPLIST_FILE = "Star-Wars-Planets/Resources/Info.plist";
				INFOPLIST_KEY_UIApplicationSupportsIndirectInputEvents = YES;
				INFOPLIST_KEY_UILaunchStoryboardName = LaunchScreen;
				INFOPLIST_KEY_UIMainStoryboardFile = Main;
				INFOPLIST_KEY_UISupportedInterfaceOrientations = UIInterfaceOrientationPortrait;
				INFOPLIST_KEY_UISupportedInterfaceOrientations_iPad = "UIInterfaceOrientationPortrait UIInterfaceOrientationPortraitUpsideDown";
				IPHONEOS_DEPLOYMENT_TARGET = 13.0;
				LD_RUNPATH_SEARCH_PATHS = (
					"$(inherited)",
					"@executable_path/Frameworks",
				);
				MARKETING_VERSION = 1.0;
				PRODUCT_BUNDLE_IDENTIFIER = "com.salitha.Star-Wars-Planets";
				PRODUCT_NAME = "$(TARGET_NAME)";
				SWIFT_EMIT_LOC_STRINGS = YES;
				SWIFT_VERSION = 5.0;
				TARGETED_DEVICE_FAMILY = "1,2";
			};
			name = Release;
		};
/* End XCBuildConfiguration section */

/* Begin XCConfigurationList section */
		E567943B2904EF81006A1A77 /* Build configuration list for PBXProject "Star-Wars-Planets" */ = {
			isa = XCConfigurationList;
			buildConfigurations = (
				E56794522904EF84006A1A77 /* Debug */,
				E56794532904EF84006A1A77 /* Release */,
			);
			defaultConfigurationIsVisible = 0;
			defaultConfigurationName = Release;
		};
		E56794542904EF84006A1A77 /* Build configuration list for PBXNativeTarget "Star-Wars-Planets" */ = {
			isa = XCConfigurationList;
			buildConfigurations = (
				E56794552904EF84006A1A77 /* Debug */,
				E56794562904EF84006A1A77 /* Release */,
			);
			defaultConfigurationIsVisible = 0;
			defaultConfigurationName = Release;
		};
/* End XCConfigurationList section */

/* Begin XCRemoteSwiftPackageReference section */
		E567945D2904F24D006A1A77 /* XCRemoteSwiftPackageReference "Alamofire" */ = {
			isa = XCRemoteSwiftPackageReference;
			repositoryURL = "https://github.com/Alamofire/Alamofire";
			requirement = {
				branch = master;
				kind = branch;
			};
		};
		E56794602904F2D6006A1A77 /* XCRemoteSwiftPackageReference "SDWebImage" */ = {
			isa = XCRemoteSwiftPackageReference;
			repositoryURL = "https://github.com/SDWebImage/SDWebImage";
			requirement = {
				branch = master;
				kind = branch;
			};
		};
/* End XCRemoteSwiftPackageReference section */

/* Begin XCSwiftPackageProductDependency section */
		E567945E2904F24D006A1A77 /* Alamofire */ = {
			isa = XCSwiftPackageProductDependency;
			package = E567945D2904F24D006A1A77 /* XCRemoteSwiftPackageReference "Alamofire" */;
			productName = Alamofire;
		};
		E56794612904F2D6006A1A77 /* SDWebImage */ = {
			isa = XCSwiftPackageProductDependency;
			package = E56794602904F2D6006A1A77 /* XCRemoteSwiftPackageReference "SDWebImage" */;
			productName = SDWebImage;
		};
/* End XCSwiftPackageProductDependency section */
	};
	rootObject = E56794382904EF81006A1A77 /* Project object */;
}
